// !$*UTF8*$!
{
	archiveVersion = 1;
	classes = {
	};
	objectVersion = 46;
	objects = {

/* Begin PBXBuildFile section */
		011C94D419A74EDB005F08AD /* Foundation.framework in Frameworks */ = {isa = PBXBuildFile; fileRef = 011C94D319A74EDB005F08AD /* Foundation.framework */; };
		011C94D619A74EDB005F08AD /* CoreGraphics.framework in Frameworks */ = {isa = PBXBuildFile; fileRef = 011C94D519A74EDB005F08AD /* CoreGraphics.framework */; };
		011C94D819A74EDB005F08AD /* UIKit.framework in Frameworks */ = {isa = PBXBuildFile; fileRef = 011C94D719A74EDB005F08AD /* UIKit.framework */; };
		011C94DE19A74EDB005F08AD /* InfoPlist.strings in Resources */ = {isa = PBXBuildFile; fileRef = 011C94DC19A74EDB005F08AD /* InfoPlist.strings */; };
		011C94E019A74EDB005F08AD /* main.m in Sources */ = {isa = PBXBuildFile; fileRef = 011C94DF19A74EDB005F08AD /* main.m */; };
		011C94E419A74EDB005F08AD /* AppDelegate.m in Sources */ = {isa = PBXBuildFile; fileRef = 011C94E319A74EDB005F08AD /* AppDelegate.m */; };
		011C94E719A74EDB005F08AD /* Main.storyboard in Resources */ = {isa = PBXBuildFile; fileRef = 011C94E519A74EDB005F08AD /* Main.storyboard */; };
		011C94EF19A74EDB005F08AD /* Images.xcassets in Resources */ = {isa = PBXBuildFile; fileRef = 011C94EE19A74EDB005F08AD /* Images.xcassets */; };
		011C94F619A74EDB005F08AD /* XCTest.framework in Frameworks */ = {isa = PBXBuildFile; fileRef = 011C94F519A74EDB005F08AD /* XCTest.framework */; };
		011C94F719A74EDB005F08AD /* Foundation.framework in Frameworks */ = {isa = PBXBuildFile; fileRef = 011C94D319A74EDB005F08AD /* Foundation.framework */; };
		011C94F819A74EDB005F08AD /* UIKit.framework in Frameworks */ = {isa = PBXBuildFile; fileRef = 011C94D719A74EDB005F08AD /* UIKit.framework */; };
		011C950019A74EDB005F08AD /* InfoPlist.strings in Resources */ = {isa = PBXBuildFile; fileRef = 011C94FE19A74EDB005F08AD /* InfoPlist.strings */; };
		011C950219A74EDB005F08AD /* MacThaiTests.m in Sources */ = {isa = PBXBuildFile; fileRef = 011C950119A74EDB005F08AD /* MacThaiTests.m */; };
		01DF11B119AC464F00E48787 /* ArticleCell.m in Sources */ = {isa = PBXBuildFile; fileRef = 01DF11B019AC464F00E48787 /* ArticleCell.m */; };
		01DFE87219A79782007470D7 /* HomeViewController.m in Sources */ = {isa = PBXBuildFile; fileRef = 01DFE87119A79782007470D7 /* HomeViewController.m */; };
/* End PBXBuildFile section */

/* Begin PBXContainerItemProxy section */
		011C94F919A74EDB005F08AD /* PBXContainerItemProxy */ = {
			isa = PBXContainerItemProxy;
			containerPortal = 011C94C819A74EDB005F08AD /* Project object */;
			proxyType = 1;
			remoteGlobalIDString = 011C94CF19A74EDB005F08AD;
			remoteInfo = MacThai;
		};
/* End PBXContainerItemProxy section */

/* Begin PBXFileReference section */
		011C94D019A74EDB005F08AD /* MacThai.app */ = {isa = PBXFileReference; explicitFileType = wrapper.application; includeInIndex = 0; path = MacThai.app; sourceTree = BUILT_PRODUCTS_DIR; };
		011C94D319A74EDB005F08AD /* Foundation.framework */ = {isa = PBXFileReference; lastKnownFileType = wrapper.framework; name = Foundation.framework; path = System/Library/Frameworks/Foundation.framework; sourceTree = SDKROOT; };
		011C94D519A74EDB005F08AD /* CoreGraphics.framework */ = {isa = PBXFileReference; lastKnownFileType = wrapper.framework; name = CoreGraphics.framework; path = System/Library/Frameworks/CoreGraphics.framework; sourceTree = SDKROOT; };
		011C94D719A74EDB005F08AD /* UIKit.framework */ = {isa = PBXFileReference; lastKnownFileType = wrapper.framework; name = UIKit.framework; path = System/Library/Frameworks/UIKit.framework; sourceTree = SDKROOT; };
		011C94DB19A74EDB005F08AD /* MacThai-Info.plist */ = {isa = PBXFileReference; lastKnownFileType = text.plist.xml; path = "MacThai-Info.plist"; sourceTree = "<group>"; };
		011C94DD19A74EDB005F08AD /* en */ = {isa = PBXFileReference; lastKnownFileType = text.plist.strings; name = en; path = en.lproj/InfoPlist.strings; sourceTree = "<group>"; };
		011C94DF19A74EDB005F08AD /* main.m */ = {isa = PBXFileReference; lastKnownFileType = sourcecode.c.objc; path = main.m; sourceTree = "<group>"; };
		011C94E119A74EDB005F08AD /* MacThai-Prefix.pch */ = {isa = PBXFileReference; lastKnownFileType = sourcecode.c.h; path = "MacThai-Prefix.pch"; sourceTree = "<group>"; };
		011C94E219A74EDB005F08AD /* AppDelegate.h */ = {isa = PBXFileReference; lastKnownFileType = sourcecode.c.h; path = AppDelegate.h; sourceTree = "<group>"; };
		011C94E319A74EDB005F08AD /* AppDelegate.m */ = {isa = PBXFileReference; lastKnownFileType = sourcecode.c.objc; path = AppDelegate.m; sourceTree = "<group>"; };
		011C94E619A74EDB005F08AD /* Base */ = {isa = PBXFileReference; lastKnownFileType = file.storyboard; name = Base; path = Base.lproj/Main.storyboard; sourceTree = "<group>"; };
		011C94EE19A74EDB005F08AD /* Images.xcassets */ = {isa = PBXFileReference; lastKnownFileType = folder.assetcatalog; path = Images.xcassets; sourceTree = "<group>"; };
		011C94F419A74EDB005F08AD /* MacThaiTests.xctest */ = {isa = PBXFileReference; explicitFileType = wrapper.cfbundle; includeInIndex = 0; path = MacThaiTests.xctest; sourceTree = BUILT_PRODUCTS_DIR; };
		011C94F519A74EDB005F08AD /* XCTest.framework */ = {isa = PBXFileReference; lastKnownFileType = wrapper.framework; name = XCTest.framework; path = Library/Frameworks/XCTest.framework; sourceTree = DEVELOPER_DIR; };
		011C94FD19A74EDB005F08AD /* MacThaiTests-Info.plist */ = {isa = PBXFileReference; lastKnownFileType = text.plist.xml; path = "MacThaiTests-Info.plist"; sourceTree = "<group>"; };
		011C94FF19A74EDB005F08AD /* en */ = {isa = PBXFileReference; lastKnownFileType = text.plist.strings; name = en; path = en.lproj/InfoPlist.strings; sourceTree = "<group>"; };
		011C950119A74EDB005F08AD /* MacThaiTests.m */ = {isa = PBXFileReference; lastKnownFileType = sourcecode.c.objc; path = MacThaiTests.m; sourceTree = "<group>"; };
		01DF11AF19AC464F00E48787 /* ArticleCell.h */ = {isa = PBXFileReference; fileEncoding = 4; lastKnownFileType = sourcecode.c.h; path = ArticleCell.h; sourceTree = "<group>"; };
		01DF11B019AC464F00E48787 /* ArticleCell.m */ = {isa = PBXFileReference; fileEncoding = 4; lastKnownFileType = sourcecode.c.objc; path = ArticleCell.m; sourceTree = "<group>"; };
		01DFE87019A79782007470D7 /* HomeViewController.h */ = {isa = PBXFileReference; fileEncoding = 4; lastKnownFileType = sourcecode.c.h; path = HomeViewController.h; sourceTree = "<group>"; };
		01DFE87119A79782007470D7 /* HomeViewController.m */ = {isa = PBXFileReference; fileEncoding = 4; lastKnownFileType = sourcecode.c.objc; path = HomeViewController.m; sourceTree = "<group>"; };
/* End PBXFileReference section */

/* Begin PBXFrameworksBuildPhase section */
		011C94CD19A74EDB005F08AD /* Frameworks */ = {
			isa = PBXFrameworksBuildPhase;
			buildActionMask = 2147483647;
			files = (
				011C94D619A74EDB005F08AD /* CoreGraphics.framework in Frameworks */,
				011C94D819A74EDB005F08AD /* UIKit.framework in Frameworks */,
				011C94D419A74EDB005F08AD /* Foundation.framework in Frameworks */,
			);
			runOnlyForDeploymentPostprocessing = 0;
		};
		011C94F119A74EDB005F08AD /* Frameworks */ = {
			isa = PBXFrameworksBuildPhase;
			buildActionMask = 2147483647;
			files = (
				011C94F619A74EDB005F08AD /* XCTest.framework in Frameworks */,
				011C94F819A74EDB005F08AD /* UIKit.framework in Frameworks */,
				011C94F719A74EDB005F08AD /* Foundation.framework in Frameworks */,
			);
			runOnlyForDeploymentPostprocessing = 0;
		};
/* End PBXFrameworksBuildPhase section */

/* Begin PBXGroup section */
		011C94C719A74EDB005F08AD = {
			isa = PBXGroup;
			children = (
				011C94D919A74EDB005F08AD /* MacThai */,
				011C94FB19A74EDB005F08AD /* MacThaiTests */,
				011C94D219A74EDB005F08AD /* Frameworks */,
				011C94D119A74EDB005F08AD /* Products */,
			);
			sourceTree = "<group>";
		};
		011C94D119A74EDB005F08AD /* Products */ = {
			isa = PBXGroup;
			children = (
				011C94D019A74EDB005F08AD /* MacThai.app */,
				011C94F419A74EDB005F08AD /* MacThaiTests.xctest */,
			);
			name = Products;
			sourceTree = "<group>";
		};
		011C94D219A74EDB005F08AD /* Frameworks */ = {
			isa = PBXGroup;
			children = (
				011C94D319A74EDB005F08AD /* Foundation.framework */,
				011C94D519A74EDB005F08AD /* CoreGraphics.framework */,
				011C94D719A74EDB005F08AD /* UIKit.framework */,
				011C94F519A74EDB005F08AD /* XCTest.framework */,
			);
			name = Frameworks;
			sourceTree = "<group>";
		};
		011C94D919A74EDB005F08AD /* MacThai */ = {
			isa = PBXGroup;
			children = (
				011C94E219A74EDB005F08AD /* AppDelegate.h */,
				011C94E319A74EDB005F08AD /* AppDelegate.m */,
				011C94E519A74EDB005F08AD /* Main.storyboard */,
				01DFE87019A79782007470D7 /* HomeViewController.h */,
				01DFE87119A79782007470D7 /* HomeViewController.m */,
				011C950E19A7567F005F08AD /* Cell */,
				011C94EE19A74EDB005F08AD /* Images.xcassets */,
				011C94DA19A74EDB005F08AD /* Supporting Files */,
			);
			path = MacThai;
			sourceTree = "<group>";
		};
		011C94DA19A74EDB005F08AD /* Supporting Files */ = {
			isa = PBXGroup;
			children = (
				011C94DB19A74EDB005F08AD /* MacThai-Info.plist */,
				011C94DC19A74EDB005F08AD /* InfoPlist.strings */,
				011C94DF19A74EDB005F08AD /* main.m */,
				011C94E119A74EDB005F08AD /* MacThai-Prefix.pch */,
			);
			name = "Supporting Files";
			sourceTree = "<group>";
		};
		011C94FB19A74EDB005F08AD /* MacThaiTests */ = {
			isa = PBXGroup;
			children = (
				011C950119A74EDB005F08AD /* MacThaiTests.m */,
				011C94FC19A74EDB005F08AD /* Supporting Files */,
			);
			path = MacThaiTests;
			sourceTree = "<group>";
		};
		011C94FC19A74EDB005F08AD /* Supporting Files */ = {
			isa = PBXGroup;
			children = (
				011C94FD19A74EDB005F08AD /* MacThaiTests-Info.plist */,
				011C94FE19A74EDB005F08AD /* InfoPlist.strings */,
			);
			name = "Supporting Files";
			sourceTree = "<group>";
		};
		011C950E19A7567F005F08AD /* Cell */ = {
			isa = PBXGroup;
			children = (
				01DF11AF19AC464F00E48787 /* ArticleCell.h */,
				01DF11B019AC464F00E48787 /* ArticleCell.m */,
			);
			name = Cell;
			sourceTree = "<group>";
		};
/* End PBXGroup section */

/* Begin PBXNativeTarget section */
		011C94CF19A74EDB005F08AD /* MacThai */ = {
			isa = PBXNativeTarget;
			buildConfigurationList = 011C950519A74EDB005F08AD /* Build configuration list for PBXNativeTarget "MacThai" */;
			buildPhases = (
				011C94CC19A74EDB005F08AD /* Sources */,
				011C94CD19A74EDB005F08AD /* Frameworks */,
				011C94CE19A74EDB005F08AD /* Resources */,
			);
			buildRules = (
			);
			dependencies = (
			);
			name = MacThai;
			productName = MacThai;
			productReference = 011C94D019A74EDB005F08AD /* MacThai.app */;
			productType = "com.apple.product-type.application";
		};
		011C94F319A74EDB005F08AD /* MacThaiTests */ = {
			isa = PBXNativeTarget;
			buildConfigurationList = 011C950819A74EDB005F08AD /* Build configuration list for PBXNativeTarget "MacThaiTests" */;
			buildPhases = (
				011C94F019A74EDB005F08AD /* Sources */,
				011C94F119A74EDB005F08AD /* Frameworks */,
				011C94F219A74EDB005F08AD /* Resources */,
			);
			buildRules = (
			);
			dependencies = (
				011C94FA19A74EDB005F08AD /* PBXTargetDependency */,
			);
			name = MacThaiTests;
			productName = MacThaiTests;
			productReference = 011C94F419A74EDB005F08AD /* MacThaiTests.xctest */;
			productType = "com.apple.product-type.bundle.unit-test";
		};
/* End PBXNativeTarget section */

/* Begin PBXProject section */
		011C94C819A74EDB005F08AD /* Project object */ = {
			isa = PBXProject;
			attributes = {
				LastUpgradeCheck = 0510;
				ORGANIZATIONNAME = Nutmos;
				TargetAttributes = {
					011C94F319A74EDB005F08AD = {
						TestTargetID = 011C94CF19A74EDB005F08AD;
					};
				};
			};
			buildConfigurationList = 011C94CB19A74EDB005F08AD /* Build configuration list for PBXProject "MacThai" */;
			compatibilityVersion = "Xcode 3.2";
			developmentRegion = English;
			hasScannedForEncodings = 0;
			knownRegions = (
				en,
				Base,
			);
			mainGroup = 011C94C719A74EDB005F08AD;
			productRefGroup = 011C94D119A74EDB005F08AD /* Products */;
			projectDirPath = "";
			projectRoot = "";
			targets = (
				011C94CF19A74EDB005F08AD /* MacThai */,
				011C94F319A74EDB005F08AD /* MacThaiTests */,
			);
		};
/* End PBXProject section */

/* Begin PBXResourcesBuildPhase section */
		011C94CE19A74EDB005F08AD /* Resources */ = {
			isa = PBXResourcesBuildPhase;
			buildActionMask = 2147483647;
			files = (
				011C94EF19A74EDB005F08AD /* Images.xcassets in Resources */,
				011C94DE19A74EDB005F08AD /* InfoPlist.strings in Resources */,
				011C94E719A74EDB005F08AD /* Main.storyboard in Resources */,
			);
			runOnlyForDeploymentPostprocessing = 0;
		};
		011C94F219A74EDB005F08AD /* Resources */ = {
			isa = PBXResourcesBuildPhase;
			buildActionMask = 2147483647;
			files = (
				011C950019A74EDB005F08AD /* InfoPlist.strings in Resources */,
			);
			runOnlyForDeploymentPostprocessing = 0;
		};
/* End PBXResourcesBuildPhase section */

/* Begin PBXSourcesBuildPhase section */
		011C94CC19A74EDB005F08AD /* Sources */ = {
			isa = PBXSourcesBuildPhase;
			buildActionMask = 2147483647;
			files = (
				01DF11B119AC464F00E48787 /* ArticleCell.m in Sources */,
				011C94E419A74EDB005F08AD /* AppDelegate.m in Sources */,
				011C94E019A74EDB005F08AD /* main.m in Sources */,
				01DFE87219A79782007470D7 /* HomeViewController.m in Sources */,
			);
			runOnlyForDeploymentPostprocessing = 0;
		};
		011C94F019A74EDB005F08AD /* Sources */ = {
			isa = PBXSourcesBuildPhase;
			buildActionMask = 2147483647;
			files = (
				011C950219A74EDB005F08AD /* MacThaiTests.m in Sources */,
			);
			runOnlyForDeploymentPostprocessing = 0;
		};
/* End PBXSourcesBuildPhase section */

/* Begin PBXTargetDependency section */
		011C94FA19A74EDB005F08AD /* PBXTargetDependency */ = {
			isa = PBXTargetDependency;
			target = 011C94CF19A74EDB005F08AD /* MacThai */;
			targetProxy = 011C94F919A74EDB005F08AD /* PBXContainerItemProxy */;
		};
/* End PBXTargetDependency section */

/* Begin PBXVariantGroup section */
		011C94DC19A74EDB005F08AD /* InfoPlist.strings */ = {
			isa = PBXVariantGroup;
			children = (
				011C94DD19A74EDB005F08AD /* en */,
			);
			name = InfoPlist.strings;
			sourceTree = "<group>";
		};
		011C94E519A74EDB005F08AD /* Main.storyboard */ = {
			isa = PBXVariantGroup;
			children = (
				011C94E619A74EDB005F08AD /* Base */,
			);
			name = Main.storyboard;
			sourceTree = "<group>";
		};
		011C94FE19A74EDB005F08AD /* InfoPlist.strings */ = {
			isa = PBXVariantGroup;
			children = (
				011C94FF19A74EDB005F08AD /* en */,
			);
			name = InfoPlist.strings;
			sourceTree = "<group>";
		};
/* End PBXVariantGroup section */

/* Begin XCBuildConfiguration section */
		011C950319A74EDB005F08AD /* Debug */ = {
			isa = XCBuildConfiguration;
			buildSettings = {
				ALWAYS_SEARCH_USER_PATHS = NO;
				CLANG_CXX_LANGUAGE_STANDARD = "gnu++0x";
				CLANG_CXX_LIBRARY = "libc++";
				CLANG_ENABLE_MODULES = YES;
				CLANG_ENABLE_OBJC_ARC = YES;
				CLANG_WARN_BOOL_CONVERSION = YES;
				CLANG_WARN_CONSTANT_CONVERSION = YES;
				CLANG_WARN_DIRECT_OBJC_ISA_USAGE = YES_ERROR;
				CLANG_WARN_EMPTY_BODY = YES;
				CLANG_WARN_ENUM_CONVERSION = YES;
				CLANG_WARN_INT_CONVERSION = YES;
				CLANG_WARN_OBJC_ROOT_CLASS = YES_ERROR;
				CLANG_WARN__DUPLICATE_METHOD_MATCH = YES;
				"CODE_SIGN_IDENTITY[sdk=iphoneos*]" = "iPhone Developer";
				COPY_PHASE_STRIP = NO;
				GCC_C_LANGUAGE_STANDARD = gnu99;
				GCC_DYNAMIC_NO_PIC = NO;
				GCC_OPTIMIZATION_LEVEL = 0;
				GCC_PREPROCESSOR_DEFINITIONS = (
					"DEBUG=1",
					"$(inherited)",
				);
				GCC_SYMBOLS_PRIVATE_EXTERN = NO;
				GCC_WARN_64_TO_32_BIT_CONVERSION = YES;
				GCC_WARN_ABOUT_RETURN_TYPE = YES_ERROR;
				GCC_WARN_UNDECLARED_SELECTOR = YES;
				GCC_WARN_UNINITIALIZED_AUTOS = YES_AGGRESSIVE;
				GCC_WARN_UNUSED_FUNCTION = YES;
				GCC_WARN_UNUSED_VARIABLE = YES;
				IPHONEOS_DEPLOYMENT_TARGET = 7.1;
				ONLY_ACTIVE_ARCH = YES;
				SDKROOT = iphoneos;
			};
			name = Debug;
		};
		011C950419A74EDB005F08AD /* Release */ = {
			isa = XCBuildConfiguration;
			buildSettings = {
				ALWAYS_SEARCH_USER_PATHS = NO;
				CLANG_CXX_LANGUAGE_STANDARD = "gnu++0x";
				CLANG_CXX_LIBRARY = "libc++";
				CLANG_ENABLE_MODULES = YES;
				CLANG_ENABLE_OBJC_ARC = YES;
				CLANG_WARN_BOOL_CONVERSION = YES;
				CLANG_WARN_CONSTANT_CONVERSION = YES;
				CLANG_WARN_DIRECT_OBJC_ISA_USAGE = YES_ERROR;
				CLANG_WARN_EMPTY_BODY = YES;
				CLANG_WARN_ENUM_CONVERSION = YES;
				CLANG_WARN_INT_CONVERSION = YES;
				CLANG_WARN_OBJC_ROOT_CLASS = YES_ERROR;
				CLANG_WARN__DUPLICATE_METHOD_MATCH = YES;
				"CODE_SIGN_IDENTITY[sdk=iphoneos*]" = "iPhone Developer";
				COPY_PHASE_STRIP = YES;
				ENABLE_NS_ASSERTIONS = NO;
				GCC_C_LANGUAGE_STANDARD = gnu99;
				GCC_WARN_64_TO_32_BIT_CONVERSION = YES;
				GCC_WARN_ABOUT_RETURN_TYPE = YES_ERROR;
				GCC_WARN_UNDECLARED_SELECTOR = YES;
				GCC_WARN_UNINITIALIZED_AUTOS = YES_AGGRESSIVE;
				GCC_WARN_UNUSED_FUNCTION = YES;
				GCC_WARN_UNUSED_VARIABLE = YES;
				IPHONEOS_DEPLOYMENT_TARGET = 7.1;
				SDKROOT = iphoneos;
				VALIDATE_PRODUCT = YES;
			};
			name = Release;
		};
		011C950619A74EDB005F08AD /* Debug */ = {
			isa = XCBuildConfiguration;
			buildSettings = {
				ASSETCATALOG_COMPILER_APPICON_NAME = AppIcon;
				ASSETCATALOG_COMPILER_LAUNCHIMAGE_NAME = LaunchImage;
				GCC_PRECOMPILE_PREFIX_HEADER = YES;
				GCC_PREFIX_HEADER = "MacThai/MacThai-Prefix.pch";
				INFOPLIST_FILE = "MacThai/MacThai-Info.plist";
				PRODUCT_NAME = "$(TARGET_NAME)";
				WRAPPER_EXTENSION = app;
			};
			name = Debug;
		};
		011C950719A74EDB005F08AD /* Release */ = {
			isa = XCBuildConfiguration;
			buildSettings = {
				ASSETCATALOG_COMPILER_APPICON_NAME = AppIcon;
				ASSETCATALOG_COMPILER_LAUNCHIMAGE_NAME = LaunchImage;
				GCC_PRECOMPILE_PREFIX_HEADER = YES;
				GCC_PREFIX_HEADER = "MacThai/MacThai-Prefix.pch";
				INFOPLIST_FILE = "MacThai/MacThai-Info.plist";
				PRODUCT_NAME = "$(TARGET_NAME)";
				WRAPPER_EXTENSION = app;
			};
			name = Release;
		};
		011C950919A74EDB005F08AD /* Debug */ = {
			isa = XCBuildConfiguration;
			buildSettings = {
				BUNDLE_LOADER = "$(BUILT_PRODUCTS_DIR)/MacThai.app/MacThai";
				FRAMEWORK_SEARCH_PATHS = (
					"$(SDKROOT)/Developer/Library/Frameworks",
					"$(inherited)",
					"$(DEVELOPER_FRAMEWORKS_DIR)",
				);
				GCC_PRECOMPILE_PREFIX_HEADER = YES;
				GCC_PREFIX_HEADER = "MacThai/MacThai-Prefix.pch";
				GCC_PREPROCESSOR_DEFINITIONS = (
					"DEBUG=1",
					"$(inherited)",
				);
				INFOPLIST_FILE = "MacThaiTests/MacThaiTests-Info.plist";
				PRODUCT_NAME = "$(TARGET_NAME)";
				TEST_HOST = "$(BUNDLE_LOADER)";
				WRAPPER_EXTENSION = xctest;
			};
			name = Debug;
		};
		011C950A19A74EDB005F08AD /* Release */ = {
			isa = XCBuildConfiguration;
			buildSettings = {
				BUNDLE_LOADER = "$(BUILT_PRODUCTS_DIR)/MacThai.app/MacThai";
				FRAMEWORK_SEARCH_PATHS = (
					"$(SDKROOT)/Developer/Library/Frameworks",
					"$(inherited)",
					"$(DEVELOPER_FRAMEWORKS_DIR)",
				);
				GCC_PRECOMPILE_PREFIX_HEADER = YES;
				GCC_PREFIX_HEADER = "MacThai/MacThai-Prefix.pch";
				INFOPLIST_FILE = "MacThaiTests/MacThaiTests-Info.plist";
				PRODUCT_NAME = "$(TARGET_NAME)";
				TEST_HOST = "$(BUNDLE_LOADER)";
				WRAPPER_EXTENSION = xctest;
			};
			name = Release;
		};
/* End XCBuildConfiguration section */

/* Begin XCConfigurationList section */
		011C94CB19A74EDB005F08AD /* Build configuration list for PBXProject "MacThai" */ = {
			isa = XCConfigurationList;
			buildConfigurations = (
				011C950319A74EDB005F08AD /* Debug */,
				011C950419A74EDB005F08AD /* Release */,
			);
			defaultConfigurationIsVisible = 0;
			defaultConfigurationName = Release;
		};
		011C950519A74EDB005F08AD /* Build configuration list for PBXNativeTarget "MacThai" */ = {
			isa = XCConfigurationList;
			buildConfigurations = (
				011C950619A74EDB005F08AD /* Debug */,
				011C950719A74EDB005F08AD /* Release */,
			);
			defaultConfigurationIsVisible = 0;
			defaultConfigurationName = Release;
		};
		011C950819A74EDB005F08AD /* Build configuration list for PBXNativeTarget "MacThaiTests" */ = {
			isa = XCConfigurationList;
			buildConfigurations = (
				011C950919A74EDB005F08AD /* Debug */,
				011C950A19A74EDB005F08AD /* Release */,
			);
			defaultConfigurationIsVisible = 0;
			defaultConfigurationName = Release;
		};
/* End XCConfigurationList section */
	};
	rootObject = 011C94C819A74EDB005F08AD /* Project object */;
}
